{
  "version": 4,
  "terraform_version": "1.2.9",
  "serial": 95,
  "lineage": "a08f0ec3-6248-73c0-a4cb-656c4a7c1a8d",
  "outputs": {},
  "resources": [
    {
      "module": "module.alb",
      "mode": "managed",
      "type": "aws_lb",
      "name": "my-aws-alb",
      "provider": "module.alb.provider[\"registry.terraform.io/hashicorp/aws\"]",
      "instances": [
        {
          "schema_version": 0,
          "attributes": {
            "access_logs": [
              {
                "bucket": "",
                "enabled": false,
                "prefix": ""
              }
            ],
            "arn": "arn:aws:elasticloadbalancing:us-east-1:660048935956:loadbalancer/app/my-test-alb/e3d96331e8d1978e",
            "arn_suffix": "app/my-test-alb/e3d96331e8d1978e",
            "customer_owned_ipv4_pool": "",
            "desync_mitigation_mode": "defensive",
            "dns_name": "my-test-alb-557336083.us-east-1.elb.amazonaws.com",
            "drop_invalid_header_fields": false,
            "enable_cross_zone_load_balancing": null,
            "enable_deletion_protection": false,
            "enable_http2": true,
            "enable_waf_fail_open": false,
            "id": "arn:aws:elasticloadbalancing:us-east-1:660048935956:loadbalancer/app/my-test-alb/e3d96331e8d1978e",
            "idle_timeout": 60,
            "internal": false,
            "ip_address_type": "ipv4",
            "load_balancer_type": "application",
            "name": "my-test-alb",
            "name_prefix": null,
            "preserve_host_header": false,
            "security_groups": [
              "sg-0a96fb082d2ad15e9"
            ],
            "subnet_mapping": [
              {
                "allocation_id": "",
                "ipv6_address": "",
                "outpost_id": "",
                "private_ipv4_address": "",
                "subnet_id": "subnet-017106def3376fab6"
              },
              {
                "allocation_id": "",
                "ipv6_address": "",
                "outpost_id": "",
                "private_ipv4_address": "",
                "subnet_id": "subnet-0818da314113fb86e"
              }
            ],
            "subnets": [
              "subnet-017106def3376fab6",
              "subnet-0818da314113fb86e"
            ],
            "tags": {
              "Name": "my-test-alb"
            },
            "tags_all": {
              "Name": "my-test-alb"
            },
            "timeouts": null,
            "vpc_id": "vpc-07a1f8a8b7cbdf1a3",
            "zone_id": "Z35SXDOTRQ7X7K"
          },
          "sensitive_attributes": [],
          "private": "eyJlMmJmYjczMC1lY2FhLTExZTYtOGY4OC0zNDM2M2JjN2M0YzAiOnsiY3JlYXRlIjo2MDAwMDAwMDAwMDAsImRlbGV0ZSI6NjAwMDAwMDAwMDAwLCJ1cGRhdGUiOjYwMDAwMDAwMDAwMH19",
          "dependencies": [
            "module.alb.aws_security_group.my-alb-sg",
            "module.vpc.aws_subnet.public_subnet",
            "module.vpc.aws_vpc.main",
            "module.vpc.data.aws_availability_zones.available"
          ]
        }
      ]
    },
    {
      "module": "module.alb",
      "mode": "managed",
      "type": "aws_lb_listener",
      "name": "my-test-alb-listner",
      "provider": "module.alb.provider[\"registry.terraform.io/hashicorp/aws\"]",
      "instances": [
        {
          "schema_version": 0,
          "attributes": {
            "alpn_policy": null,
            "arn": "arn:aws:elasticloadbalancing:us-east-1:660048935956:listener/app/my-test-alb/e3d96331e8d1978e/149312c8879dff81",
            "certificate_arn": null,
            "default_action": [
              {
                "authenticate_cognito": [],
                "authenticate_oidc": [],
                "fixed_response": [],
                "forward": [],
                "order": 1,
                "redirect": [],
                "target_group_arn": "arn:aws:elasticloadbalancing:us-east-1:660048935956:targetgroup/my-test-tg/a13155baa9aba241",
                "type": "forward"
              }
            ],
            "id": "arn:aws:elasticloadbalancing:us-east-1:660048935956:listener/app/my-test-alb/e3d96331e8d1978e/149312c8879dff81",
            "load_balancer_arn": "arn:aws:elasticloadbalancing:us-east-1:660048935956:loadbalancer/app/my-test-alb/e3d96331e8d1978e",
            "port": 80,
            "protocol": "HTTP",
            "ssl_policy": "",
            "tags": {},
            "tags_all": {},
            "timeouts": null
          },
          "sensitive_attributes": [],
          "private": "eyJlMmJmYjczMC1lY2FhLTExZTYtOGY4OC0zNDM2M2JjN2M0YzAiOnsicmVhZCI6NjAwMDAwMDAwMDAwfX0=",
          "dependencies": [
            "module.alb.aws_lb.my-aws-alb",
            "module.alb.aws_lb_target_group.my-target-group",
            "module.alb.aws_security_group.my-alb-sg",
            "module.vpc.aws_subnet.public_subnet",
            "module.vpc.aws_vpc.main",
            "module.vpc.data.aws_availability_zones.available"
          ]
        }
      ]
    },
    {
      "module": "module.alb",
      "mode": "managed",
      "type": "aws_lb_target_group",
      "name": "my-target-group",
      "provider": "module.alb.provider[\"registry.terraform.io/hashicorp/aws\"]",
      "instances": [
        {
          "schema_version": 0,
          "attributes": {
            "arn": "arn:aws:elasticloadbalancing:us-east-1:660048935956:targetgroup/my-test-tg/a13155baa9aba241",
            "arn_suffix": "targetgroup/my-test-tg/a13155baa9aba241",
            "connection_termination": false,
            "deregistration_delay": "300",
            "health_check": [
              {
                "enabled": true,
                "healthy_threshold": 3,
                "interval": 10,
                "matcher": "200",
                "path": "/",
                "port": "traffic-port",
                "protocol": "HTTP",
                "timeout": 5,
                "unhealthy_threshold": 2
              }
            ],
            "id": "arn:aws:elasticloadbalancing:us-east-1:660048935956:targetgroup/my-test-tg/a13155baa9aba241",
            "ip_address_type": null,
            "lambda_multi_value_headers_enabled": false,
            "load_balancing_algorithm_type": "round_robin",
            "name": "my-test-tg",
            "name_prefix": null,
            "port": 80,
            "preserve_client_ip": null,
            "protocol": "HTTP",
            "protocol_version": "HTTP1",
            "proxy_protocol_v2": false,
            "slow_start": 0,
            "stickiness": [
              {
                "cookie_duration": 86400,
                "cookie_name": "",
                "enabled": false,
                "type": "lb_cookie"
              }
            ],
            "tags": {},
            "tags_all": {},
            "target_type": "instance",
            "vpc_id": "vpc-07a1f8a8b7cbdf1a3"
          },
          "sensitive_attributes": [],
          "private": "bnVsbA==",
          "dependencies": [
            "module.vpc.aws_vpc.main"
          ]
        }
      ]
    },
    {
      "module": "module.alb",
      "mode": "managed",
      "type": "aws_security_group",
      "name": "my-alb-sg",
      "provider": "module.alb.provider[\"registry.terraform.io/hashicorp/aws\"]",
      "instances": [
        {
          "schema_version": 1,
          "attributes": {
            "arn": "arn:aws:ec2:us-east-1:660048935956:security-group/sg-0a96fb082d2ad15e9",
            "description": "Managed by Terraform",
            "egress": [
              {
                "cidr_blocks": [
                  "0.0.0.0/0"
                ],
                "description": "",
                "from_port": 0,
                "ipv6_cidr_blocks": [],
                "prefix_list_ids": [],
                "protocol": "-1",
                "security_groups": [],
                "self": false,
                "to_port": 0
              }
            ],
            "id": "sg-0a96fb082d2ad15e9",
            "ingress": [
              {
                "cidr_blocks": [
                  "0.0.0.0/0"
                ],
                "description": "",
                "from_port": 22,
                "ipv6_cidr_blocks": [],
                "prefix_list_ids": [],
                "protocol": "tcp",
                "security_groups": [],
                "self": false,
                "to_port": 22
              },
              {
                "cidr_blocks": [
                  "0.0.0.0/0"
                ],
                "description": "",
                "from_port": 80,
                "ipv6_cidr_blocks": [],
                "prefix_list_ids": [],
                "protocol": "tcp",
                "security_groups": [],
                "self": false,
                "to_port": 80
              }
            ],
            "name": "my-alb-sg",
            "name_prefix": "",
            "owner_id": "660048935956",
            "revoke_rules_on_delete": false,
            "tags": {},
            "tags_all": {},
            "timeouts": null,
            "vpc_id": "vpc-07a1f8a8b7cbdf1a3"
          },
          "sensitive_attributes": [],
          "private": "eyJlMmJmYjczMC1lY2FhLTExZTYtOGY4OC0zNDM2M2JjN2M0YzAiOnsiY3JlYXRlIjo2MDAwMDAwMDAwMDAsImRlbGV0ZSI6OTAwMDAwMDAwMDAwfSwic2NoZW1hX3ZlcnNpb24iOiIxIn0=",
          "dependencies": [
            "module.vpc.aws_vpc.main"
          ]
        }
      ]
    },
    {
      "module": "module.alb",
      "mode": "managed",
      "type": "aws_security_group_rule",
      "name": "inbound_http",
      "provider": "module.alb.provider[\"registry.terraform.io/hashicorp/aws\"]",
      "instances": [
        {
          "schema_version": 2,
          "attributes": {
            "cidr_blocks": [
              "0.0.0.0/0"
            ],
            "description": "",
            "from_port": 80,
            "id": "sgrule-1933100732",
            "ipv6_cidr_blocks": null,
            "prefix_list_ids": null,
            "protocol": "tcp",
            "security_group_id": "sg-0a96fb082d2ad15e9",
            "self": false,
            "source_security_group_id": null,
            "timeouts": null,
            "to_port": 80,
            "type": "ingress"
          },
          "sensitive_attributes": [],
          "private": "eyJlMmJmYjczMC1lY2FhLTExZTYtOGY4OC0zNDM2M2JjN2M0YzAiOnsiY3JlYXRlIjozMDAwMDAwMDAwMDB9LCJzY2hlbWFfdmVyc2lvbiI6IjIifQ==",
          "dependencies": [
            "module.alb.aws_security_group.my-alb-sg",
            "module.vpc.aws_vpc.main"
          ]
        }
      ]
    },
    {
      "module": "module.alb",
      "mode": "managed",
      "type": "aws_security_group_rule",
      "name": "inbound_ssh",
      "provider": "module.alb.provider[\"registry.terraform.io/hashicorp/aws\"]",
      "instances": [
        {
          "schema_version": 2,
          "attributes": {
            "cidr_blocks": [
              "0.0.0.0/0"
            ],
            "description": "",
            "from_port": 22,
            "id": "sgrule-3316816649",
            "ipv6_cidr_blocks": null,
            "prefix_list_ids": null,
            "protocol": "tcp",
            "security_group_id": "sg-0a96fb082d2ad15e9",
            "self": false,
            "source_security_group_id": null,
            "timeouts": null,
            "to_port": 22,
            "type": "ingress"
          },
          "sensitive_attributes": [],
          "private": "eyJlMmJmYjczMC1lY2FhLTExZTYtOGY4OC0zNDM2M2JjN2M0YzAiOnsiY3JlYXRlIjozMDAwMDAwMDAwMDB9LCJzY2hlbWFfdmVyc2lvbiI6IjIifQ==",
          "dependencies": [
            "module.alb.aws_security_group.my-alb-sg",
            "module.vpc.aws_vpc.main"
          ]
        }
      ]
    },
    {
      "module": "module.alb",
      "mode": "managed",
      "type": "aws_security_group_rule",
      "name": "outbound_all",
      "provider": "module.alb.provider[\"registry.terraform.io/hashicorp/aws\"]",
      "instances": [
        {
          "schema_version": 2,
          "attributes": {
            "cidr_blocks": [
              "0.0.0.0/0"
            ],
            "description": "",
            "from_port": 0,
            "id": "sgrule-4176407284",
            "ipv6_cidr_blocks": null,
            "prefix_list_ids": null,
            "protocol": "-1",
            "security_group_id": "sg-0a96fb082d2ad15e9",
            "self": false,
            "source_security_group_id": null,
            "timeouts": null,
            "to_port": 0,
            "type": "egress"
          },
          "sensitive_attributes": [],
          "private": "eyJlMmJmYjczMC1lY2FhLTExZTYtOGY4OC0zNDM2M2JjN2M0YzAiOnsiY3JlYXRlIjozMDAwMDAwMDAwMDB9LCJzY2hlbWFfdmVyc2lvbiI6IjIifQ==",
          "dependencies": [
            "module.alb.aws_security_group.my-alb-sg",
            "module.vpc.aws_vpc.main"
          ]
        }
      ]
    },
    {
      "module": "module.auto_scaling",
      "mode": "managed",
      "type": "aws_autoscaling_group",
      "name": "example",
      "provider": "module.auto_scaling.provider[\"registry.terraform.io/hashicorp/aws\"]",
      "instances": [
        {
          "schema_version": 0,
          "attributes": {
            "arn": "arn:aws:autoscaling:us-east-1:660048935956:autoScalingGroup:4a63b902-ea9e-43e9-94e0-5f71afaf35c4:autoScalingGroupName/terraform-20220925162020727700000002",
            "availability_zones": [
              "us-east-1a",
              "us-east-1b"
            ],
            "capacity_rebalance": false,
            "context": "",
            "default_cooldown": 300,
            "default_instance_warmup": 0,
            "desired_capacity": 4,
            "enabled_metrics": [],
            "force_delete": false,
            "force_delete_warm_pool": false,
            "health_check_grace_period": 300,
            "health_check_type": "ELB",
            "id": "terraform-20220925162020727700000002",
            "initial_lifecycle_hook": [],
            "instance_refresh": [],
            "launch_configuration": "terraform-20220925162018689400000001",
            "launch_template": [],
            "load_balancers": [],
            "max_instance_lifetime": 0,
            "max_size": 10,
            "metrics_granularity": "1Minute",
            "min_elb_capacity": null,
            "min_size": 2,
            "mixed_instances_policy": [],
            "name": "terraform-20220925162020727700000002",
            "name_prefix": "terraform-",
            "placement_group": "",
            "protect_from_scale_in": false,
            "service_linked_role_arn": "arn:aws:iam::660048935956:role/aws-service-role/autoscaling.amazonaws.com/AWSServiceRoleForAutoScaling",
            "suspended_processes": [],
            "tag": [
              {
                "key": "Name",
                "propagate_at_launch": true,
                "value": "my-test-asg"
              }
            ],
            "tags": null,
            "target_group_arns": [
              "arn:aws:elasticloadbalancing:us-east-1:660048935956:targetgroup/my-test-tg/a13155baa9aba241"
            ],
            "termination_policies": [],
            "timeouts": null,
            "vpc_zone_identifier": [
              "subnet-017106def3376fab6",
              "subnet-0818da314113fb86e"
            ],
            "wait_for_capacity_timeout": "10m",
            "wait_for_elb_capacity": null,
            "warm_pool": []
          },
          "sensitive_attributes": [],
          "private": "eyJlMmJmYjczMC1lY2FhLTExZTYtOGY4OC0zNDM2M2JjN2M0YzAiOnsiZGVsZXRlIjo2MDAwMDAwMDAwMDAsInVwZGF0ZSI6NjAwMDAwMDAwMDAwfX0=",
          "dependencies": [
            "module.alb.aws_lb_target_group.my-target-group",
            "module.auto_scaling.aws_launch_configuration.my-test-launch-config",
            "module.vpc.aws_subnet.public_subnet"
          ]
        }
      ]
    },
    {
      "module": "module.auto_scaling",
      "mode": "managed",
      "type": "aws_launch_configuration",
      "name": "my-test-launch-config",
      "provider": "module.auto_scaling.provider[\"registry.terraform.io/hashicorp/aws\"]",
      "instances": [
        {
          "schema_version": 0,
          "attributes": {
            "arn": "arn:aws:autoscaling:us-east-1:660048935956:launchConfiguration:7a69946a-a521-45a5-b519-cf61680c5d00:launchConfigurationName/terraform-20220925162018689400000001",
            "associate_public_ip_address": false,
            "ebs_block_device": [],
            "ebs_optimized": false,
            "enable_monitoring": true,
            "ephemeral_block_device": [],
            "iam_instance_profile": "",
            "id": "terraform-20220925162018689400000001",
            "image_id": "ami-0149b2da6ceec4bb0",
            "instance_type": "t2.micro",
            "key_name": "",
            "metadata_options": [],
            "name": "terraform-20220925162018689400000001",
            "name_prefix": "terraform-",
            "placement_tenancy": "",
            "root_block_device": [],
            "security_groups": [
              "sg-0df0866eaffa878a7"
            ],
            "spot_price": "",
            "user_data": "f05acc027ab00aae1b2cce2f11b750fb24b85384",
            "user_data_base64": null,
            "vpc_classic_link_id": "",
            "vpc_classic_link_security_groups": []
          },
          "sensitive_attributes": [],
          "private": "bnVsbA==",
          "dependencies": [
            "module.auto_scaling.aws_security_group.my-asg-sg",
            "module.vpc.aws_vpc.main"
          ],
          "create_before_destroy": true
        }
      ]
    },
    {
      "module": "module.auto_scaling",
      "mode": "managed",
      "type": "aws_security_group",
      "name": "my-asg-sg",
      "provider": "module.auto_scaling.provider[\"registry.terraform.io/hashicorp/aws\"]",
      "instances": [
        {
          "schema_version": 1,
          "attributes": {
            "arn": "arn:aws:ec2:us-east-1:660048935956:security-group/sg-0df0866eaffa878a7",
            "description": "Managed by Terraform",
            "egress": [
              {
                "cidr_blocks": [
                  "0.0.0.0/0"
                ],
                "description": "",
                "from_port": 0,
                "ipv6_cidr_blocks": [],
                "prefix_list_ids": [],
                "protocol": "-1",
                "security_groups": [],
                "self": false,
                "to_port": 0
              }
            ],
            "id": "sg-0df0866eaffa878a7",
            "ingress": [
              {
                "cidr_blocks": [
                  "0.0.0.0/0"
                ],
                "description": "",
                "from_port": 22,
                "ipv6_cidr_blocks": [],
                "prefix_list_ids": [],
                "protocol": "tcp",
                "security_groups": [],
                "self": false,
                "to_port": 22
              },
              {
                "cidr_blocks": [
                  "0.0.0.0/0"
                ],
                "description": "",
                "from_port": 80,
                "ipv6_cidr_blocks": [],
                "prefix_list_ids": [],
                "protocol": "tcp",
                "security_groups": [],
                "self": false,
                "to_port": 80
              }
            ],
            "name": "my-asg-sg",
            "name_prefix": "",
            "owner_id": "660048935956",
            "revoke_rules_on_delete": false,
            "tags": {},
            "tags_all": {},
            "timeouts": null,
            "vpc_id": "vpc-07a1f8a8b7cbdf1a3"
          },
          "sensitive_attributes": [],
          "private": "eyJlMmJmYjczMC1lY2FhLTExZTYtOGY4OC0zNDM2M2JjN2M0YzAiOnsiY3JlYXRlIjo2MDAwMDAwMDAwMDAsImRlbGV0ZSI6OTAwMDAwMDAwMDAwfSwic2NoZW1hX3ZlcnNpb24iOiIxIn0=",
          "dependencies": [
            "module.vpc.aws_vpc.main"
          ],
          "create_before_destroy": true
        }
      ]
    },
    {
      "module": "module.auto_scaling",
      "mode": "managed",
      "type": "aws_security_group_rule",
      "name": "inbound_http",
      "provider": "module.auto_scaling.provider[\"registry.terraform.io/hashicorp/aws\"]",
      "instances": [
        {
          "schema_version": 2,
          "attributes": {
            "cidr_blocks": [
              "0.0.0.0/0"
            ],
            "description": "",
            "from_port": 80,
            "id": "sgrule-1433172829",
            "ipv6_cidr_blocks": null,
            "prefix_list_ids": null,
            "protocol": "tcp",
            "security_group_id": "sg-0df0866eaffa878a7",
            "self": false,
            "source_security_group_id": null,
            "timeouts": null,
            "to_port": 80,
            "type": "ingress"
          },
          "sensitive_attributes": [],
          "private": "eyJlMmJmYjczMC1lY2FhLTExZTYtOGY4OC0zNDM2M2JjN2M0YzAiOnsiY3JlYXRlIjozMDAwMDAwMDAwMDB9LCJzY2hlbWFfdmVyc2lvbiI6IjIifQ==",
          "dependencies": [
            "module.auto_scaling.aws_security_group.my-asg-sg",
            "module.vpc.aws_vpc.main"
          ]
        }
      ]
    },
    {
      "module": "module.auto_scaling",
      "mode": "managed",
      "type": "aws_security_group_rule",
      "name": "inbound_ssh",
      "provider": "module.auto_scaling.provider[\"registry.terraform.io/hashicorp/aws\"]",
      "instances": [
        {
          "schema_version": 2,
          "attributes": {
            "cidr_blocks": [
              "0.0.0.0/0"
            ],
            "description": "",
            "from_port": 22,
            "id": "sgrule-3823511272",
            "ipv6_cidr_blocks": null,
            "prefix_list_ids": null,
            "protocol": "tcp",
            "security_group_id": "sg-0df0866eaffa878a7",
            "self": false,
            "source_security_group_id": null,
            "timeouts": null,
            "to_port": 22,
            "type": "ingress"
          },
          "sensitive_attributes": [],
          "private": "eyJlMmJmYjczMC1lY2FhLTExZTYtOGY4OC0zNDM2M2JjN2M0YzAiOnsiY3JlYXRlIjozMDAwMDAwMDAwMDB9LCJzY2hlbWFfdmVyc2lvbiI6IjIifQ==",
          "dependencies": [
            "module.auto_scaling.aws_security_group.my-asg-sg",
            "module.vpc.aws_vpc.main"
          ]
        }
      ]
    },
    {
      "module": "module.auto_scaling",
      "mode": "managed",
      "type": "aws_security_group_rule",
      "name": "outbound_all",
      "provider": "module.auto_scaling.provider[\"registry.terraform.io/hashicorp/aws\"]",
      "instances": [
        {
          "schema_version": 2,
          "attributes": {
            "cidr_blocks": [
              "0.0.0.0/0"
            ],
            "description": "",
            "from_port": 0,
            "id": "sgrule-2614596053",
            "ipv6_cidr_blocks": null,
            "prefix_list_ids": null,
            "protocol": "-1",
            "security_group_id": "sg-0df0866eaffa878a7",
            "self": false,
            "source_security_group_id": null,
            "timeouts": null,
            "to_port": 0,
            "type": "egress"
          },
          "sensitive_attributes": [],
          "private": "eyJlMmJmYjczMC1lY2FhLTExZTYtOGY4OC0zNDM2M2JjN2M0YzAiOnsiY3JlYXRlIjozMDAwMDAwMDAwMDB9LCJzY2hlbWFfdmVyc2lvbiI6IjIifQ==",
          "dependencies": [
            "module.auto_scaling.aws_security_group.my-asg-sg",
            "module.vpc.aws_vpc.main"
          ]
        }
      ]
    },
    {
      "module": "module.ec2",
      "mode": "data",
      "type": "aws_availability_zones",
      "name": "available",
      "provider": "module.ec2.provider[\"registry.terraform.io/hashicorp/aws\"]",
      "instances": [
        {
          "schema_version": 0,
          "attributes": {
            "all_availability_zones": null,
            "exclude_names": null,
            "exclude_zone_ids": null,
            "filter": null,
            "group_names": [
              "us-east-1"
            ],
            "id": "us-east-1",
            "names": [
              "us-east-1a",
              "us-east-1b",
              "us-east-1c",
              "us-east-1d",
              "us-east-1e",
              "us-east-1f"
            ],
            "state": null,
            "timeouts": null,
            "zone_ids": [
              "use1-az4",
              "use1-az6",
              "use1-az1",
              "use1-az2",
              "use1-az3",
              "use1-az5"
            ]
          },
          "sensitive_attributes": []
        }
      ]
    },
    {
      "module": "module.ec2",
      "mode": "data",
      "type": "template_file",
      "name": "init",
      "provider": "provider[\"registry.terraform.io/hashicorp/template\"]",
      "instances": [
        {
          "schema_version": 0,
          "attributes": {
            "filename": null,
            "id": "3e23ef55ed15261ff490233a8e2a22f408940bd0c3735516052dcd4ade284a2c",
            "rendered": "#!/bin/bash\n\nsudo apt-get update\nsudo apt-get install apache2 -y\necho \"hello from terraform\" \u003e\u003e /var/www/html/index.html\nsudo systemctl start apache2",
            "template": "#!/bin/bash\n\nsudo apt-get update\nsudo apt-get install apache2 -y\necho \"hello from terraform\" \u003e\u003e /var/www/html/index.html\nsudo systemctl start apache2",
            "vars": null
          },
          "sensitive_attributes": []
        }
      ]
    },
    {
      "module": "module.ec2",
      "mode": "managed",
      "type": "aws_ebs_volume",
      "name": "my-test-ebs",
      "provider": "module.ec2.provider[\"registry.terraform.io/hashicorp/aws\"]",
      "instances": [
        {
          "index_key": 0,
          "schema_version": 0,
          "attributes": {
            "arn": "arn:aws:ec2:us-east-1:660048935956:volume/vol-0e5250c5aedf76d87",
            "availability_zone": "us-east-1a",
            "encrypted": false,
            "final_snapshot": false,
            "id": "vol-0e5250c5aedf76d87",
            "iops": 100,
            "kms_key_id": "",
            "multi_attach_enabled": false,
            "outpost_arn": "",
            "size": 1,
            "snapshot_id": "",
            "tags": {},
            "tags_all": {},
            "throughput": 0,
            "timeouts": null,
            "type": "gp2"
          },
          "sensitive_attributes": [],
          "private": "eyJlMmJmYjczMC1lY2FhLTExZTYtOGY4OC0zNDM2M2JjN2M0YzAiOnsiY3JlYXRlIjozMDAwMDAwMDAwMDAsImRlbGV0ZSI6MzAwMDAwMDAwMDAwLCJ1cGRhdGUiOjMwMDAwMDAwMDAwMH19",
          "dependencies": [
            "module.ec2.data.aws_availability_zones.available"
          ]
        },
        {
          "index_key": 1,
          "schema_version": 0,
          "attributes": {
            "arn": "arn:aws:ec2:us-east-1:660048935956:volume/vol-0555aab0ab0b754ca",
            "availability_zone": "us-east-1b",
            "encrypted": false,
            "final_snapshot": false,
            "id": "vol-0555aab0ab0b754ca",
            "iops": 100,
            "kms_key_id": "",
            "multi_attach_enabled": false,
            "outpost_arn": "",
            "size": 1,
            "snapshot_id": "",
            "tags": {},
            "tags_all": {},
            "throughput": 0,
            "timeouts": null,
            "type": "gp2"
          },
          "sensitive_attributes": [],
          "private": "eyJlMmJmYjczMC1lY2FhLTExZTYtOGY4OC0zNDM2M2JjN2M0YzAiOnsiY3JlYXRlIjozMDAwMDAwMDAwMDAsImRlbGV0ZSI6MzAwMDAwMDAwMDAwLCJ1cGRhdGUiOjMwMDAwMDAwMDAwMH19",
          "dependencies": [
            "module.ec2.data.aws_availability_zones.available"
          ]
        }
      ]
    },
    {
      "module": "module.ec2",
      "mode": "managed",
      "type": "aws_instance",
      "name": "my-test-instance",
      "provider": "module.ec2.provider[\"registry.terraform.io/hashicorp/aws\"]",
      "instances": [
        {
          "index_key": 0,
          "schema_version": 1,
          "attributes": {
            "ami": "ami-0149b2da6ceec4bb0",
            "arn": "arn:aws:ec2:us-east-1:660048935956:instance/i-05c85909d87176573",
            "associate_public_ip_address": true,
            "availability_zone": "us-east-1a",
            "capacity_reservation_specification": [
              {
                "capacity_reservation_preference": "open",
                "capacity_reservation_target": []
              }
            ],
            "cpu_core_count": 1,
            "cpu_threads_per_core": 1,
            "credit_specification": [
              {
                "cpu_credits": "standard"
              }
            ],
            "disable_api_stop": false,
            "disable_api_termination": false,
            "ebs_block_device": [
              {
                "delete_on_termination": false,
                "device_name": "/dev/xvdh",
                "encrypted": false,
                "iops": 100,
                "kms_key_id": "",
                "snapshot_id": "",
                "tags": {},
                "throughput": 0,
                "volume_id": "vol-0e5250c5aedf76d87",
                "volume_size": 1,
                "volume_type": "gp2"
              }
            ],
            "ebs_optimized": false,
            "enclave_options": [
              {
                "enabled": false
              }
            ],
            "ephemeral_block_device": [],
            "get_password_data": false,
            "hibernation": false,
            "host_id": null,
            "host_resource_group_arn": null,
            "iam_instance_profile": "",
            "id": "i-05c85909d87176573",
            "instance_initiated_shutdown_behavior": "stop",
            "instance_state": "running",
            "instance_type": "t2.micro",
            "ipv6_address_count": 0,
            "ipv6_addresses": [],
            "key_name": "my-test-terraform-key-new1",
            "launch_template": [],
            "maintenance_options": [
              {
                "auto_recovery": "default"
              }
            ],
            "metadata_options": [
              {
                "http_endpoint": "enabled",
                "http_put_response_hop_limit": 1,
                "http_tokens": "optional",
                "instance_metadata_tags": "disabled"
              }
            ],
            "monitoring": false,
            "network_interface": [],
            "outpost_arn": "",
            "password_data": "",
            "placement_group": "",
            "placement_partition_number": null,
            "primary_network_interface_id": "eni-07cc22461c15529d6",
            "private_dns": "ip-10-0-1-251.ec2.internal",
            "private_dns_name_options": [
              {
                "enable_resource_name_dns_a_record": false,
                "enable_resource_name_dns_aaaa_record": false,
                "hostname_type": "ip-name"
              }
            ],
            "private_ip": "10.0.1.251",
            "public_dns": "ec2-50-17-177-172.compute-1.amazonaws.com",
            "public_ip": "50.17.177.172",
            "root_block_device": [
              {
                "delete_on_termination": true,
                "device_name": "/dev/sda1",
                "encrypted": false,
                "iops": 100,
                "kms_key_id": "",
                "tags": {},
                "throughput": 0,
                "volume_id": "vol-0932fcc3a92754890",
                "volume_size": 8,
                "volume_type": "gp2"
              }
            ],
            "secondary_private_ips": [],
            "security_groups": [],
            "source_dest_check": true,
            "subnet_id": "subnet-017106def3376fab6",
            "tags": {
              "Name": "ec2-dev"
            },
            "tags_all": {
              "Name": "ec2-dev"
            },
            "tenancy": "default",
            "timeouts": null,
            "user_data": "f2d3cee5ff9e7e2ce1d350241b3cb8084ae5e4a4",
            "user_data_base64": null,
            "user_data_replace_on_change": false,
            "volume_tags": null,
            "vpc_security_group_ids": [
              "sg-04a73699b922b0e62"
            ]
          },
          "sensitive_attributes": [],
          "private": "eyJlMmJmYjczMC1lY2FhLTExZTYtOGY4OC0zNDM2M2JjN2M0YzAiOnsiY3JlYXRlIjo2MDAwMDAwMDAwMDAsImRlbGV0ZSI6MTIwMDAwMDAwMDAwMCwidXBkYXRlIjo2MDAwMDAwMDAwMDB9LCJzY2hlbWFfdmVyc2lvbiI6IjEifQ==",
          "dependencies": [
            "module.ec2.aws_key_pair.mytest-key",
            "module.ec2.data.template_file.init",
            "module.vpc.aws_security_group.test_sg",
            "module.vpc.aws_subnet.public_subnet",
            "module.vpc.aws_vpc.main",
            "module.vpc.data.aws_availability_zones.available"
          ]
        },
        {
          "index_key": 1,
          "schema_version": 1,
          "attributes": {
            "ami": "ami-0149b2da6ceec4bb0",
            "arn": "arn:aws:ec2:us-east-1:660048935956:instance/i-0fa8afc6f416a48cd",
            "associate_public_ip_address": true,
            "availability_zone": "us-east-1b",
            "capacity_reservation_specification": [
              {
                "capacity_reservation_preference": "open",
                "capacity_reservation_target": []
              }
            ],
            "cpu_core_count": 1,
            "cpu_threads_per_core": 1,
            "credit_specification": [
              {
                "cpu_credits": "standard"
              }
            ],
            "disable_api_stop": false,
            "disable_api_termination": false,
            "ebs_block_device": [
              {
                "delete_on_termination": false,
                "device_name": "/dev/xvdh",
                "encrypted": false,
                "iops": 100,
                "kms_key_id": "",
                "snapshot_id": "",
                "tags": {},
                "throughput": 0,
                "volume_id": "vol-0555aab0ab0b754ca",
                "volume_size": 1,
                "volume_type": "gp2"
              }
            ],
            "ebs_optimized": false,
            "enclave_options": [
              {
                "enabled": false
              }
            ],
            "ephemeral_block_device": [],
            "get_password_data": false,
            "hibernation": false,
            "host_id": null,
            "host_resource_group_arn": null,
            "iam_instance_profile": "",
            "id": "i-0fa8afc6f416a48cd",
            "instance_initiated_shutdown_behavior": "stop",
            "instance_state": "running",
            "instance_type": "t2.micro",
            "ipv6_address_count": 0,
            "ipv6_addresses": [],
            "key_name": "my-test-terraform-key-new1",
            "launch_template": [],
            "maintenance_options": [
              {
                "auto_recovery": "default"
              }
            ],
            "metadata_options": [
              {
                "http_endpoint": "enabled",
                "http_put_response_hop_limit": 1,
                "http_tokens": "optional",
                "instance_metadata_tags": "disabled"
              }
            ],
            "monitoring": false,
            "network_interface": [],
            "outpost_arn": "",
            "password_data": "",
            "placement_group": "",
            "placement_partition_number": null,
            "primary_network_interface_id": "eni-0cb9f20611447bae0",
            "private_dns": "ip-10-0-2-168.ec2.internal",
            "private_dns_name_options": [
              {
                "enable_resource_name_dns_a_record": false,
                "enable_resource_name_dns_aaaa_record": false,
                "hostname_type": "ip-name"
              }
            ],
            "private_ip": "10.0.2.168",
            "public_dns": "ec2-18-232-114-11.compute-1.amazonaws.com",
            "public_ip": "18.232.114.11",
            "root_block_device": [
              {
                "delete_on_termination": true,
                "device_name": "/dev/sda1",
                "encrypted": false,
                "iops": 100,
                "kms_key_id": "",
                "tags": {},
                "throughput": 0,
                "volume_id": "vol-0feff468369f2fdf6",
                "volume_size": 8,
                "volume_type": "gp2"
              }
            ],
            "secondary_private_ips": [],
            "security_groups": [],
            "source_dest_check": true,
            "subnet_id": "subnet-0818da314113fb86e",
            "tags": {
              "Name": "ec2-dev"
            },
            "tags_all": {
              "Name": "ec2-dev"
            },
            "tenancy": "default",
            "timeouts": null,
            "user_data": "f2d3cee5ff9e7e2ce1d350241b3cb8084ae5e4a4",
            "user_data_base64": null,
            "user_data_replace_on_change": false,
            "volume_tags": null,
            "vpc_security_group_ids": [
              "sg-04a73699b922b0e62"
            ]
          },
          "sensitive_attributes": [],
          "private": "eyJlMmJmYjczMC1lY2FhLTExZTYtOGY4OC0zNDM2M2JjN2M0YzAiOnsiY3JlYXRlIjo2MDAwMDAwMDAwMDAsImRlbGV0ZSI6MTIwMDAwMDAwMDAwMCwidXBkYXRlIjo2MDAwMDAwMDAwMDB9LCJzY2hlbWFfdmVyc2lvbiI6IjEifQ==",
          "dependencies": [
            "module.ec2.aws_key_pair.mytest-key",
            "module.ec2.data.template_file.init",
            "module.vpc.aws_security_group.test_sg",
            "module.vpc.aws_subnet.public_subnet",
            "module.vpc.aws_vpc.main",
            "module.vpc.data.aws_availability_zones.available"
          ]
        }
      ]
    },
    {
      "module": "module.ec2",
      "mode": "managed",
      "type": "aws_key_pair",
      "name": "mytest-key",
      "provider": "module.ec2.provider[\"registry.terraform.io/hashicorp/aws\"]",
      "instances": [
        {
          "schema_version": 1,
          "attributes": {
            "arn": "arn:aws:ec2:us-east-1:660048935956:key-pair/my-test-terraform-key-new1",
            "fingerprint": "e8:08:25:08:7e:82:eb:fd:95:fc:6d:59:0c:d2:82:36",
            "id": "my-test-terraform-key-new1",
            "key_name": "my-test-terraform-key-new1",
            "key_name_prefix": "",
            "key_pair_id": "key-03c3f884f6a75974c",
            "key_type": "rsa",
            "public_key": "ssh-rsa AAAAB3NzaC1yc2EAAAADAQABAAABgQCyOw3eRk/Df40+CfFrNtdn4BsgP4dyr+BAAuiep2UCRxupG3a81nbWdJ2Mzstj94MQQdInhW7B4dMUledJSLanzune3hOqpC27Yvgg8Gls6f4IcX/wG3rZCzCPOABzOq1IWG0fJixJgRfHZJ+sQ4rFfDjFZ0e4X2dSZfF63u2BjryRCWcbyHbk3C3eNCuATDk5S/8hUz/MhYRQHigSZGbhXqusP6Icnw0s9ZHX9fcoUcuGquXtROJU+D/B7mUqaJ5tcRz6kr6/gILQOL1OgEmbct7I089gPbS/P0ZM1saFppaSjizCZnpHixBL4HTM3BG0kqvoP4UbKK2Afc3ge1/5F7qFnIVHSAgb1PX11H/p5X+ey8VmA29u8rvYwmW9K3rveICLIDa5UuR5rwb1PzFTJLa3NaAoJ6MTDWYGqaDoaMbbpTsR/uFlxdVLBdBq6foensMR7PuDa6MQAGWCsCGMXxsridarjbFAfUWg4kAFE6a3IxNtah9S8YqUthaJUPs= leo@leo-VivoBook-ASUSLaptop-X512FJ-X512FJ",
            "tags": {},
            "tags_all": {}
          },
          "sensitive_attributes": [],
          "private": "eyJzY2hlbWFfdmVyc2lvbiI6IjEifQ=="
        }
      ]
    },
    {
      "module": "module.ec2",
      "mode": "managed",
      "type": "aws_volume_attachment",
      "name": "my-vol-attach",
      "provider": "module.ec2.provider[\"registry.terraform.io/hashicorp/aws\"]",
      "instances": [
        {
          "index_key": 0,
          "schema_version": 0,
          "attributes": {
            "device_name": "/dev/xvdh",
            "force_detach": true,
            "id": "vai-1840814608",
            "instance_id": "i-05c85909d87176573",
            "skip_destroy": null,
            "stop_instance_before_detaching": null,
            "timeouts": null,
            "volume_id": "vol-0e5250c5aedf76d87"
          },
          "sensitive_attributes": [],
          "private": "eyJlMmJmYjczMC1lY2FhLTExZTYtOGY4OC0zNDM2M2JjN2M0YzAiOnsiY3JlYXRlIjozMDAwMDAwMDAwMDAsImRlbGV0ZSI6MzAwMDAwMDAwMDAwfX0=",
          "dependencies": [
            "module.ec2.aws_ebs_volume.my-test-ebs",
            "module.ec2.aws_instance.my-test-instance",
            "module.ec2.aws_key_pair.mytest-key",
            "module.ec2.data.aws_availability_zones.available",
            "module.ec2.data.template_file.init",
            "module.vpc.aws_security_group.test_sg",
            "module.vpc.aws_subnet.public_subnet",
            "module.vpc.aws_vpc.main",
            "module.vpc.data.aws_availability_zones.available"
          ]
        },
        {
          "index_key": 1,
          "schema_version": 0,
          "attributes": {
            "device_name": "/dev/xvdh",
            "force_detach": true,
            "id": "vai-3767707713",
            "instance_id": "i-0fa8afc6f416a48cd",
            "skip_destroy": null,
            "stop_instance_before_detaching": null,
            "timeouts": null,
            "volume_id": "vol-0555aab0ab0b754ca"
          },
          "sensitive_attributes": [],
          "private": "eyJlMmJmYjczMC1lY2FhLTExZTYtOGY4OC0zNDM2M2JjN2M0YzAiOnsiY3JlYXRlIjozMDAwMDAwMDAwMDAsImRlbGV0ZSI6MzAwMDAwMDAwMDAwfX0=",
          "dependencies": [
            "module.ec2.aws_ebs_volume.my-test-ebs",
            "module.ec2.aws_instance.my-test-instance",
            "module.ec2.aws_key_pair.mytest-key",
            "module.ec2.data.aws_availability_zones.available",
            "module.ec2.data.template_file.init",
            "module.vpc.aws_security_group.test_sg",
            "module.vpc.aws_subnet.public_subnet",
            "module.vpc.aws_vpc.main",
            "module.vpc.data.aws_availability_zones.available"
          ]
        }
      ]
    },
    {
      "module": "module.vpc",
      "mode": "data",
      "type": "aws_availability_zones",
      "name": "available",
      "provider": "provider[\"registry.terraform.io/hashicorp/aws\"]",
      "instances": [
        {
          "schema_version": 0,
          "attributes": {
            "all_availability_zones": null,
            "exclude_names": null,
            "exclude_zone_ids": null,
            "filter": null,
            "group_names": [
              "us-east-1"
            ],
            "id": "us-east-1",
            "names": [
              "us-east-1a",
              "us-east-1b",
              "us-east-1c",
              "us-east-1d",
              "us-east-1e",
              "us-east-1f"
            ],
            "state": null,
            "timeouts": null,
            "zone_ids": [
              "use1-az4",
              "use1-az6",
              "use1-az1",
              "use1-az2",
              "use1-az3",
              "use1-az5"
            ]
          },
          "sensitive_attributes": []
        }
      ]
    },
    {
      "module": "module.vpc",
      "mode": "managed",
      "type": "aws_default_route_table",
      "name": "private_route",
      "provider": "provider[\"registry.terraform.io/hashicorp/aws\"]",
      "instances": [
        {
          "schema_version": 0,
          "attributes": {
            "arn": "arn:aws:ec2:us-east-1:660048935956:route-table/rtb-0a2670bcefe0dcc72",
            "default_route_table_id": "rtb-0a2670bcefe0dcc72",
            "id": "rtb-0a2670bcefe0dcc72",
            "owner_id": "660048935956",
            "propagating_vgws": [],
            "route": [],
            "tags": {
              "Name": "my-private-route-table"
            },
            "tags_all": {
              "Name": "my-private-route-table"
            },
            "timeouts": null,
            "vpc_id": "vpc-07a1f8a8b7cbdf1a3"
          },
          "sensitive_attributes": [],
          "private": "eyJlMmJmYjczMC1lY2FhLTExZTYtOGY4OC0zNDM2M2JjN2M0YzAiOnsiY3JlYXRlIjoxMjAwMDAwMDAwMDAsInVwZGF0ZSI6MTIwMDAwMDAwMDAwfX0=",
          "dependencies": [
            "module.vpc.aws_vpc.main"
          ]
        }
      ]
    },
    {
      "module": "module.vpc",
      "mode": "managed",
      "type": "aws_internet_gateway",
      "name": "gw",
      "provider": "provider[\"registry.terraform.io/hashicorp/aws\"]",
      "instances": [
        {
          "schema_version": 0,
          "attributes": {
            "arn": "arn:aws:ec2:us-east-1:660048935956:internet-gateway/igw-0b7390d43d933d351",
            "id": "igw-0b7390d43d933d351",
            "owner_id": "660048935956",
            "tags": {
              "Name": "my-custom-igw"
            },
            "tags_all": {
              "Name": "my-custom-igw"
            },
            "timeouts": null,
            "vpc_id": "vpc-07a1f8a8b7cbdf1a3"
          },
          "sensitive_attributes": [],
          "private": "eyJlMmJmYjczMC1lY2FhLTExZTYtOGY4OC0zNDM2M2JjN2M0YzAiOnsiY3JlYXRlIjoxMjAwMDAwMDAwMDAwLCJkZWxldGUiOjEyMDAwMDAwMDAwMDAsInVwZGF0ZSI6MTIwMDAwMDAwMDAwMH19",
          "dependencies": [
            "module.vpc.aws_vpc.main"
          ]
        }
      ]
    },
    {
      "module": "module.vpc",
      "mode": "managed",
      "type": "aws_route_table",
      "name": "public_route",
      "provider": "provider[\"registry.terraform.io/hashicorp/aws\"]",
      "instances": [
        {
          "schema_version": 0,
          "attributes": {
            "arn": "arn:aws:ec2:us-east-1:660048935956:route-table/rtb-0325d35e7c0c44d7a",
            "id": "rtb-0325d35e7c0c44d7a",
            "owner_id": "660048935956",
            "propagating_vgws": [],
            "route": [
              {
                "carrier_gateway_id": "",
                "cidr_block": "0.0.0.0/0",
                "core_network_arn": "",
                "destination_prefix_list_id": "",
                "egress_only_gateway_id": "",
                "gateway_id": "igw-0b7390d43d933d351",
                "instance_id": "",
                "ipv6_cidr_block": "",
                "local_gateway_id": "",
                "nat_gateway_id": "",
                "network_interface_id": "",
                "transit_gateway_id": "",
                "vpc_endpoint_id": "",
                "vpc_peering_connection_id": ""
              }
            ],
            "tags": {
              "Name": "my-test-public-route"
            },
            "tags_all": {
              "Name": "my-test-public-route"
            },
            "timeouts": null,
            "vpc_id": "vpc-07a1f8a8b7cbdf1a3"
          },
          "sensitive_attributes": [],
          "private": "eyJlMmJmYjczMC1lY2FhLTExZTYtOGY4OC0zNDM2M2JjN2M0YzAiOnsiY3JlYXRlIjozMDAwMDAwMDAwMDAsImRlbGV0ZSI6MzAwMDAwMDAwMDAwLCJ1cGRhdGUiOjEyMDAwMDAwMDAwMH19",
          "dependencies": [
            "module.vpc.aws_internet_gateway.gw",
            "module.vpc.aws_vpc.main"
          ]
        }
      ]
    },
    {
      "module": "module.vpc",
      "mode": "managed",
      "type": "aws_route_table_association",
      "name": "private_subnet_assoc",
      "provider": "provider[\"registry.terraform.io/hashicorp/aws\"]",
      "instances": [
        {
          "index_key": 0,
          "schema_version": 0,
          "attributes": {
            "gateway_id": "",
            "id": "rtbassoc-0c6449c32d195602a",
            "route_table_id": "rtb-0a2670bcefe0dcc72",
            "subnet_id": "subnet-00f6b419f79dce205"
          },
          "sensitive_attributes": [],
          "private": "bnVsbA==",
          "dependencies": [
            "module.vpc.aws_default_route_table.private_route",
            "module.vpc.aws_subnet.private_subnet",
            "module.vpc.aws_vpc.main",
            "module.vpc.data.aws_availability_zones.available"
          ]
        },
        {
          "index_key": 1,
          "schema_version": 0,
          "attributes": {
            "gateway_id": "",
            "id": "rtbassoc-08a0a7e93991beead",
            "route_table_id": "rtb-0a2670bcefe0dcc72",
            "subnet_id": "subnet-0da43eb8316f859ee"
          },
          "sensitive_attributes": [],
          "private": "bnVsbA==",
          "dependencies": [
            "module.vpc.aws_default_route_table.private_route",
            "module.vpc.aws_subnet.private_subnet",
            "module.vpc.aws_vpc.main",
            "module.vpc.data.aws_availability_zones.available"
          ]
        }
      ]
    },
    {
      "module": "module.vpc",
      "mode": "managed",
      "type": "aws_route_table_association",
      "name": "public_subnet_assoc",
      "provider": "provider[\"registry.terraform.io/hashicorp/aws\"]",
      "instances": [
        {
          "index_key": 0,
          "schema_version": 0,
          "attributes": {
            "gateway_id": "",
            "id": "rtbassoc-0e3cab4973c92671c",
            "route_table_id": "rtb-0325d35e7c0c44d7a",
            "subnet_id": "subnet-017106def3376fab6"
          },
          "sensitive_attributes": [],
          "private": "bnVsbA==",
          "dependencies": [
            "module.vpc.aws_internet_gateway.gw",
            "module.vpc.aws_route_table.public_route",
            "module.vpc.aws_subnet.public_subnet",
            "module.vpc.aws_vpc.main",
            "module.vpc.data.aws_availability_zones.available"
          ]
        },
        {
          "index_key": 1,
          "schema_version": 0,
          "attributes": {
            "gateway_id": "",
            "id": "rtbassoc-0862aea8e93b47409",
            "route_table_id": "rtb-0325d35e7c0c44d7a",
            "subnet_id": "subnet-0818da314113fb86e"
          },
          "sensitive_attributes": [],
          "private": "bnVsbA==",
          "dependencies": [
            "module.vpc.aws_internet_gateway.gw",
            "module.vpc.aws_route_table.public_route",
            "module.vpc.aws_subnet.public_subnet",
            "module.vpc.aws_vpc.main",
            "module.vpc.data.aws_availability_zones.available"
          ]
        }
      ]
    },
    {
      "module": "module.vpc",
      "mode": "managed",
      "type": "aws_security_group",
      "name": "test_sg",
      "provider": "provider[\"registry.terraform.io/hashicorp/aws\"]",
      "instances": [
        {
          "schema_version": 1,
          "attributes": {
            "arn": "arn:aws:ec2:us-east-1:660048935956:security-group/sg-04a73699b922b0e62",
            "description": "Managed by Terraform",
            "egress": [
              {
                "cidr_blocks": [
                  "0.0.0.0/0"
                ],
                "description": "",
                "from_port": 0,
                "ipv6_cidr_blocks": [],
                "prefix_list_ids": [],
                "protocol": "-1",
                "security_groups": [],
                "self": false,
                "to_port": 0
              }
            ],
            "id": "sg-04a73699b922b0e62",
            "ingress": [
              {
                "cidr_blocks": [
                  "0.0.0.0/0"
                ],
                "description": "",
                "from_port": 22,
                "ipv6_cidr_blocks": [],
                "prefix_list_ids": [],
                "protocol": "tcp",
                "security_groups": [],
                "self": false,
                "to_port": 22
              },
              {
                "cidr_blocks": [
                  "0.0.0.0/0"
                ],
                "description": "",
                "from_port": 80,
                "ipv6_cidr_blocks": [],
                "prefix_list_ids": [],
                "protocol": "tcp",
                "security_groups": [],
                "self": false,
                "to_port": 80
              }
            ],
            "name": "my-test-sg",
            "name_prefix": "",
            "owner_id": "660048935956",
            "revoke_rules_on_delete": false,
            "tags": {},
            "tags_all": {},
            "timeouts": null,
            "vpc_id": "vpc-07a1f8a8b7cbdf1a3"
          },
          "sensitive_attributes": [],
          "private": "eyJlMmJmYjczMC1lY2FhLTExZTYtOGY4OC0zNDM2M2JjN2M0YzAiOnsiY3JlYXRlIjo2MDAwMDAwMDAwMDAsImRlbGV0ZSI6OTAwMDAwMDAwMDAwfSwic2NoZW1hX3ZlcnNpb24iOiIxIn0=",
          "dependencies": [
            "module.vpc.aws_vpc.main"
          ]
        }
      ]
    },
    {
      "module": "module.vpc",
      "mode": "managed",
      "type": "aws_security_group_rule",
      "name": "allow-outbound",
      "provider": "provider[\"registry.terraform.io/hashicorp/aws\"]",
      "instances": [
        {
          "schema_version": 2,
          "attributes": {
            "cidr_blocks": [
              "0.0.0.0/0"
            ],
            "description": "",
            "from_port": 0,
            "id": "sgrule-4232903861",
            "ipv6_cidr_blocks": null,
            "prefix_list_ids": null,
            "protocol": "-1",
            "security_group_id": "sg-04a73699b922b0e62",
            "self": false,
            "source_security_group_id": null,
            "timeouts": null,
            "to_port": 0,
            "type": "egress"
          },
          "sensitive_attributes": [],
          "private": "eyJlMmJmYjczMC1lY2FhLTExZTYtOGY4OC0zNDM2M2JjN2M0YzAiOnsiY3JlYXRlIjozMDAwMDAwMDAwMDB9LCJzY2hlbWFfdmVyc2lvbiI6IjIifQ==",
          "dependencies": [
            "module.vpc.aws_security_group.test_sg",
            "module.vpc.aws_vpc.main"
          ]
        }
      ]
    },
    {
      "module": "module.vpc",
      "mode": "managed",
      "type": "aws_security_group_rule",
      "name": "allow-ssh",
      "provider": "provider[\"registry.terraform.io/hashicorp/aws\"]",
      "instances": [
        {
          "schema_version": 2,
          "attributes": {
            "cidr_blocks": [
              "0.0.0.0/0"
            ],
            "description": "",
            "from_port": 22,
            "id": "sgrule-2246043307",
            "ipv6_cidr_blocks": null,
            "prefix_list_ids": null,
            "protocol": "tcp",
            "security_group_id": "sg-04a73699b922b0e62",
            "self": false,
            "source_security_group_id": null,
            "timeouts": null,
            "to_port": 22,
            "type": "ingress"
          },
          "sensitive_attributes": [],
          "private": "eyJlMmJmYjczMC1lY2FhLTExZTYtOGY4OC0zNDM2M2JjN2M0YzAiOnsiY3JlYXRlIjozMDAwMDAwMDAwMDB9LCJzY2hlbWFfdmVyc2lvbiI6IjIifQ==",
          "dependencies": [
            "module.vpc.aws_security_group.test_sg",
            "module.vpc.aws_vpc.main"
          ]
        }
      ]
    },
    {
      "module": "module.vpc",
      "mode": "managed",
      "type": "aws_security_group_rule",
      "name": "http_inbound_access",
      "provider": "provider[\"registry.terraform.io/hashicorp/aws\"]",
      "instances": [
        {
          "schema_version": 2,
          "attributes": {
            "cidr_blocks": [
              "0.0.0.0/0"
            ],
            "description": "",
            "from_port": 80,
            "id": "sgrule-861256478",
            "ipv6_cidr_blocks": null,
            "prefix_list_ids": null,
            "protocol": "tcp",
            "security_group_id": "sg-04a73699b922b0e62",
            "self": false,
            "source_security_group_id": null,
            "timeouts": null,
            "to_port": 80,
            "type": "ingress"
          },
          "sensitive_attributes": [],
          "private": "eyJlMmJmYjczMC1lY2FhLTExZTYtOGY4OC0zNDM2M2JjN2M0YzAiOnsiY3JlYXRlIjozMDAwMDAwMDAwMDB9LCJzY2hlbWFfdmVyc2lvbiI6IjIifQ==",
          "dependencies": [
            "module.vpc.aws_security_group.test_sg",
            "module.vpc.aws_vpc.main"
          ]
        }
      ]
    },
    {
      "module": "module.vpc",
      "mode": "managed",
      "type": "aws_subnet",
      "name": "private_subnet",
      "provider": "provider[\"registry.terraform.io/hashicorp/aws\"]",
      "instances": [
        {
          "index_key": 0,
          "schema_version": 1,
          "attributes": {
            "arn": "arn:aws:ec2:us-east-1:660048935956:subnet/subnet-00f6b419f79dce205",
            "assign_ipv6_address_on_creation": false,
            "availability_zone": "us-east-1a",
            "availability_zone_id": "use1-az4",
            "cidr_block": "10.0.3.0/24",
            "customer_owned_ipv4_pool": "",
            "enable_dns64": false,
            "enable_resource_name_dns_a_record_on_launch": false,
            "enable_resource_name_dns_aaaa_record_on_launch": false,
            "id": "subnet-00f6b419f79dce205",
            "ipv6_cidr_block": "",
            "ipv6_cidr_block_association_id": "",
            "ipv6_native": false,
            "map_customer_owned_ip_on_launch": false,
            "map_public_ip_on_launch": false,
            "outpost_arn": "",
            "owner_id": "660048935956",
            "private_dns_hostname_type_on_launch": "ip-name",
            "tags": {
              "Name": "my-test-private-subnet.1"
            },
            "tags_all": {
              "Name": "my-test-private-subnet.1"
            },
            "timeouts": null,
            "vpc_id": "vpc-07a1f8a8b7cbdf1a3"
          },
          "sensitive_attributes": [],
          "private": "eyJlMmJmYjczMC1lY2FhLTExZTYtOGY4OC0zNDM2M2JjN2M0YzAiOnsiY3JlYXRlIjo2MDAwMDAwMDAwMDAsImRlbGV0ZSI6MTIwMDAwMDAwMDAwMH0sInNjaGVtYV92ZXJzaW9uIjoiMSJ9",
          "dependencies": [
            "module.vpc.aws_vpc.main",
            "module.vpc.data.aws_availability_zones.available"
          ]
        },
        {
          "index_key": 1,
          "schema_version": 1,
          "attributes": {
            "arn": "arn:aws:ec2:us-east-1:660048935956:subnet/subnet-0da43eb8316f859ee",
            "assign_ipv6_address_on_creation": false,
            "availability_zone": "us-east-1b",
            "availability_zone_id": "use1-az6",
            "cidr_block": "10.0.4.0/24",
            "customer_owned_ipv4_pool": "",
            "enable_dns64": false,
            "enable_resource_name_dns_a_record_on_launch": false,
            "enable_resource_name_dns_aaaa_record_on_launch": false,
            "id": "subnet-0da43eb8316f859ee",
            "ipv6_cidr_block": "",
            "ipv6_cidr_block_association_id": "",
            "ipv6_native": false,
            "map_customer_owned_ip_on_launch": false,
            "map_public_ip_on_launch": false,
            "outpost_arn": "",
            "owner_id": "660048935956",
            "private_dns_hostname_type_on_launch": "ip-name",
            "tags": {
              "Name": "my-test-private-subnet.2"
            },
            "tags_all": {
              "Name": "my-test-private-subnet.2"
            },
            "timeouts": null,
            "vpc_id": "vpc-07a1f8a8b7cbdf1a3"
          },
          "sensitive_attributes": [],
          "private": "eyJlMmJmYjczMC1lY2FhLTExZTYtOGY4OC0zNDM2M2JjN2M0YzAiOnsiY3JlYXRlIjo2MDAwMDAwMDAwMDAsImRlbGV0ZSI6MTIwMDAwMDAwMDAwMH0sInNjaGVtYV92ZXJzaW9uIjoiMSJ9",
          "dependencies": [
            "module.vpc.aws_vpc.main",
            "module.vpc.data.aws_availability_zones.available"
          ]
        }
      ]
    },
    {
      "module": "module.vpc",
      "mode": "managed",
      "type": "aws_subnet",
      "name": "public_subnet",
      "provider": "provider[\"registry.terraform.io/hashicorp/aws\"]",
      "instances": [
        {
          "index_key": 0,
          "schema_version": 1,
          "attributes": {
            "arn": "arn:aws:ec2:us-east-1:660048935956:subnet/subnet-017106def3376fab6",
            "assign_ipv6_address_on_creation": false,
            "availability_zone": "us-east-1a",
            "availability_zone_id": "use1-az4",
            "cidr_block": "10.0.1.0/24",
            "customer_owned_ipv4_pool": "",
            "enable_dns64": false,
            "enable_resource_name_dns_a_record_on_launch": false,
            "enable_resource_name_dns_aaaa_record_on_launch": false,
            "id": "subnet-017106def3376fab6",
            "ipv6_cidr_block": "",
            "ipv6_cidr_block_association_id": "",
            "ipv6_native": false,
            "map_customer_owned_ip_on_launch": false,
            "map_public_ip_on_launch": true,
            "outpost_arn": "",
            "owner_id": "660048935956",
            "private_dns_hostname_type_on_launch": "ip-name",
            "tags": {
              "Name": "my-test-public-subnet.1"
            },
            "tags_all": {
              "Name": "my-test-public-subnet.1"
            },
            "timeouts": null,
            "vpc_id": "vpc-07a1f8a8b7cbdf1a3"
          },
          "sensitive_attributes": [],
          "private": "eyJlMmJmYjczMC1lY2FhLTExZTYtOGY4OC0zNDM2M2JjN2M0YzAiOnsiY3JlYXRlIjo2MDAwMDAwMDAwMDAsImRlbGV0ZSI6MTIwMDAwMDAwMDAwMH0sInNjaGVtYV92ZXJzaW9uIjoiMSJ9",
          "dependencies": [
            "module.vpc.aws_vpc.main",
            "module.vpc.data.aws_availability_zones.available"
          ]
        },
        {
          "index_key": 1,
          "schema_version": 1,
          "attributes": {
            "arn": "arn:aws:ec2:us-east-1:660048935956:subnet/subnet-0818da314113fb86e",
            "assign_ipv6_address_on_creation": false,
            "availability_zone": "us-east-1b",
            "availability_zone_id": "use1-az6",
            "cidr_block": "10.0.2.0/24",
            "customer_owned_ipv4_pool": "",
            "enable_dns64": false,
            "enable_resource_name_dns_a_record_on_launch": false,
            "enable_resource_name_dns_aaaa_record_on_launch": false,
            "id": "subnet-0818da314113fb86e",
            "ipv6_cidr_block": "",
            "ipv6_cidr_block_association_id": "",
            "ipv6_native": false,
            "map_customer_owned_ip_on_launch": false,
            "map_public_ip_on_launch": true,
            "outpost_arn": "",
            "owner_id": "660048935956",
            "private_dns_hostname_type_on_launch": "ip-name",
            "tags": {
              "Name": "my-test-public-subnet.2"
            },
            "tags_all": {
              "Name": "my-test-public-subnet.2"
            },
            "timeouts": null,
            "vpc_id": "vpc-07a1f8a8b7cbdf1a3"
          },
          "sensitive_attributes": [],
          "private": "eyJlMmJmYjczMC1lY2FhLTExZTYtOGY4OC0zNDM2M2JjN2M0YzAiOnsiY3JlYXRlIjo2MDAwMDAwMDAwMDAsImRlbGV0ZSI6MTIwMDAwMDAwMDAwMH0sInNjaGVtYV92ZXJzaW9uIjoiMSJ9",
          "dependencies": [
            "module.vpc.aws_vpc.main",
            "module.vpc.data.aws_availability_zones.available"
          ]
        }
      ]
    },
    {
      "module": "module.vpc",
      "mode": "managed",
      "type": "aws_vpc",
      "name": "main",
      "provider": "provider[\"registry.terraform.io/hashicorp/aws\"]",
      "instances": [
        {
          "schema_version": 1,
          "attributes": {
            "arn": "arn:aws:ec2:us-east-1:660048935956:vpc/vpc-07a1f8a8b7cbdf1a3",
            "assign_generated_ipv6_cidr_block": false,
            "cidr_block": "10.0.0.0/16",
            "default_network_acl_id": "acl-079da9f06cecb0955",
            "default_route_table_id": "rtb-0a2670bcefe0dcc72",
            "default_security_group_id": "sg-05acec56fcd8c6f09",
            "dhcp_options_id": "dopt-18fbac62",
            "enable_classiclink": false,
            "enable_classiclink_dns_support": false,
            "enable_dns_hostnames": true,
            "enable_dns_support": true,
            "id": "vpc-07a1f8a8b7cbdf1a3",
            "instance_tenancy": "default",
            "ipv4_ipam_pool_id": null,
            "ipv4_netmask_length": null,
            "ipv6_association_id": "",
            "ipv6_cidr_block": "",
            "ipv6_cidr_block_network_border_group": "",
            "ipv6_ipam_pool_id": "",
            "ipv6_netmask_length": 0,
            "main_route_table_id": "rtb-0a2670bcefe0dcc72",
            "owner_id": "660048935956",
            "tags": {
              "Name": "my-custom-vpc"
            },
            "tags_all": {
              "Name": "my-custom-vpc"
            }
          },
          "sensitive_attributes": [],
          "private": "eyJzY2hlbWFfdmVyc2lvbiI6IjEifQ==",
          "create_before_destroy": true
        }
      ]
    }
  ]
}
